
Microsoft Visual Studio Solution File, Format Version 12.00
# Visual Studio Version 17
VisualStudioVersion = 17.8.34330.188
MinimumVisualStudioVersion = 10.0.40219.1
Project("{FAE04EC0-301F-11D3-BF4B-00C04F79EFBC}") = "00_Kiosk", "00_Kiosk.csproj", "{55A4173F-D156-44C6-8B43-DFAD51CE741E}"
EndProject
Global
	GlobalSection(SolutionConfigurationPlatforms) = preSolution
		Debug|Any CPU = Debug|Any CPU
		Release|Any CPU = Release|Any CPU
	EndGlobalSection
	GlobalSection(ProjectConfigurationPlatforms) = postSolution
		{55A4173F-D156-44C6-8B43-DFAD51CE741E}.Debug|Any CPU.ActiveCfg = Debug|Any CPU
		{55A4173F-D156-44C6-8B43-DFAD51CE741E}.Debug|Any CPU.Build.0 = Debug|Any CPU
		{55A4173F-D156-44C6-8B43-DFAD51CE741E}.Release|Any CPU.ActiveCfg = Release|Any CPU
		{55A4173F-D156-44C6-8B43-DFAD51CE741E}.Release|Any CPU.Build.0 = Release|Any CPU
	EndGlobalSection
	GlobalSection(SolutionProperties) = preSolution
		HideSolutionNode = FALSE
	EndGlobalSection
	GlobalSection(ExtensibilityGlobals) = postSolution
		SolutionGuid = {B5937704-6036-4F3B-921A-302432E1A526}
	EndGlobalSection
EndGlobal
